
Microsoft Visual Studio Solution File, Format Version 12.00
# Visual Studio Version 16
VisualStudioVersion = 16.0.31911.196
MinimumVisualStudioVersion = 10.0.40219.1
Project("{FAE04EC0-301F-11D3-BF4B-00C04F79EFBC}") = "DuongCongMinh618", "DuongCongMinh618\DuongCongMinh618.csproj", "{2AA688E2-41CE-4427-8730-9AB6BCFF1DDE}"
EndProject
Global
	GlobalSection(SolutionConfigurationPlatforms) = preSolution
		Debug|Any CPU = Debug|Any CPU
		Release|Any CPU = Release|Any CPU
	EndGlobalSection
	GlobalSection(ProjectConfigurationPlatforms) = postSolution
		{2AA688E2-41CE-4427-8730-9AB6BCFF1DDE}.Debug|Any CPU.ActiveCfg = Debug|Any CPU
		{2AA688E2-41CE-4427-8730-9AB6BCFF1DDE}.Debug|Any CPU.Build.0 = Debug|Any CPU
		{2AA688E2-41CE-4427-8730-9AB6BCFF1DDE}.Release|Any CPU.ActiveCfg = Release|Any CPU
		{2AA688E2-41CE-4427-8730-9AB6BCFF1DDE}.Release|Any CPU.Build.0 = Release|Any CPU
	EndGlobalSection
	GlobalSection(SolutionProperties) = preSolution
		HideSolutionNode = FALSE
	EndGlobalSection
	GlobalSection(ExtensibilityGlobals) = postSolution
		SolutionGuid = {FB83CF35-CBE8-41DD-9782-0296D6F1B8A8}
	EndGlobalSection
EndGlobal
